
Microsoft Visual Studio Solution File, Format Version 12.00
# Visual Studio Version 16
VisualStudioVersion = 16.0.29424.173
MinimumVisualStudioVersion = 10.0.40219.1
Project("{888888A0-9F3D-457C-B088-3A5042F75D52}") = "AoC_2019_Day2", "AoC_2019_Day2\AoC_2019_Day2.pyproj", "{2023CD9F-819F-4358-8DA8-3EDB87968683}"
EndProject
Global
	GlobalSection(SolutionConfigurationPlatforms) = preSolution
		Debug|Any CPU = Debug|Any CPU
		Release|Any CPU = Release|Any CPU
	EndGlobalSection
	GlobalSection(ProjectConfigurationPlatforms) = postSolution
		{2023CD9F-819F-4358-8DA8-3EDB87968683}.Debug|Any CPU.ActiveCfg = Debug|Any CPU
		{2023CD9F-819F-4358-8DA8-3EDB87968683}.Release|Any CPU.ActiveCfg = Release|Any CPU
	EndGlobalSection
	GlobalSection(SolutionProperties) = preSolution
		HideSolutionNode = FALSE
	EndGlobalSection
	GlobalSection(ExtensibilityGlobals) = postSolution
		SolutionGuid = {C7472EA9-543A-4699-94EF-A6FF3D09C8B7}
	EndGlobalSection
EndGlobal
